
Microsoft Visual Studio Solution File, Format Version 12.00
# Visual Studio Version 17
VisualStudioVersion = 17.7.34031.279
MinimumVisualStudioVersion = 10.0.40219.1
Project("{FAE04EC0-301F-11D3-BF4B-00C04F79EFBC}") = "LocalGPTController", "LocalGPTController.csproj", "{C771BDB4-30B7-472D-A6A1-DE03E5DC14C6}"
EndProject
Global
	GlobalSection(SolutionConfigurationPlatforms) = preSolution
		Debug|Any CPU = Debug|Any CPU
		Release|Any CPU = Release|Any CPU
	EndGlobalSection
	GlobalSection(ProjectConfigurationPlatforms) = postSolution
		{C771BDB4-30B7-472D-A6A1-DE03E5DC14C6}.Debug|Any CPU.ActiveCfg = Debug|Any CPU
		{C771BDB4-30B7-472D-A6A1-DE03E5DC14C6}.Debug|Any CPU.Build.0 = Debug|Any CPU
		{C771BDB4-30B7-472D-A6A1-DE03E5DC14C6}.Release|Any CPU.ActiveCfg = Release|Any CPU
		{C771BDB4-30B7-472D-A6A1-DE03E5DC14C6}.Release|Any CPU.Build.0 = Release|Any CPU
	EndGlobalSection
	GlobalSection(SolutionProperties) = preSolution
		HideSolutionNode = FALSE
	EndGlobalSection
	GlobalSection(ExtensibilityGlobals) = postSolution
		SolutionGuid = {BC5D5888-9730-46C3-A432-96138545EAB5}
	EndGlobalSection
EndGlobal
